
Microsoft Visual Studio Solution File, Format Version 12.00
# Visual Studio Version 17
VisualStudioVersion = 17.1.32407.343
MinimumVisualStudioVersion = 10.0.40219.1
Project("{FAE04EC0-301F-11D3-BF4B-00C04F79EFBC}") = "ChessleSolver", "ChessleSolver\ChessleSolver.csproj", "{523CDEF0-E929-47F2-9126-C6CB400EBE28}"
EndProject
Global
	GlobalSection(SolutionConfigurationPlatforms) = preSolution
		Debug|Any CPU = Debug|Any CPU
		Release|Any CPU = Release|Any CPU
	EndGlobalSection
	GlobalSection(ProjectConfigurationPlatforms) = postSolution
		{523CDEF0-E929-47F2-9126-C6CB400EBE28}.Debug|Any CPU.ActiveCfg = Debug|Any CPU
		{523CDEF0-E929-47F2-9126-C6CB400EBE28}.Debug|Any CPU.Build.0 = Debug|Any CPU
		{523CDEF0-E929-47F2-9126-C6CB400EBE28}.Release|Any CPU.ActiveCfg = Release|Any CPU
		{523CDEF0-E929-47F2-9126-C6CB400EBE28}.Release|Any CPU.Build.0 = Release|Any CPU
	EndGlobalSection
	GlobalSection(SolutionProperties) = preSolution
		HideSolutionNode = FALSE
	EndGlobalSection
	GlobalSection(ExtensibilityGlobals) = postSolution
		SolutionGuid = {B900A077-A701-4630-AE96-7571E51C4069}
	EndGlobalSection
EndGlobal
